
Microsoft Visual Studio Solution File, Format Version 12.00
Project("{FAE04EC0-301F-11D3-BF4B-00C04F79EFBC}") = "StudentPortal.Enrollment.Api", "StudentPortal.Enrollment.Api\StudentPortal.Enrollment.Api.csproj", "{C866DDE0-5228-4314-B5CE-1E32A7D5ECF5}"
EndProject
Project("{FAE04EC0-301F-11D3-BF4B-00C04F79EFBC}") = "StudentPortal.Enrollment.Domain", "StudentPortal.Enrollment.Domain\StudentPortal.Enrollment.Domain.csproj", "{33DF4191-7796-48AE-BCE9-C3F22EDF7C98}"
EndProject
Project("{FAE04EC0-301F-11D3-BF4B-00C04F79EFBC}") = "StudentPortal.Enrollment.DAL", "StudentPortal.Enrollment.DAL\StudentPortal.Enrollment.DAL.csproj", "{E5E6EA16-67C8-42B3-BF9F-475C73659770}"
EndProject
Project("{FAE04EC0-301F-11D3-BF4B-00C04F79EFBC}") = "StudentPortal.Enrollment.BLL", "StudentPortal.Enrollment.BLL\StudentPortal.Enrollment.BLL.csproj", "{DAAD7CC8-A143-499A-A6A0-8A8194DFDD80}"
EndProject
Project("{FAE04EC0-301F-11D3-BF4B-00C04F79EFBC}") = "StudentPortal.AppHost", "StudentPortal.AppHost\StudentPortal.AppHost.csproj", "{ED58AFAF-5366-41BC-AE1C-AA75B90EA813}"
EndProject
Project("{2150E333-8FDC-42A3-9474-1A3956D46DE8}") = "EnrollmentService", "EnrollmentService", "{473B8887-911C-4A5E-BCBD-D98BA80981CA}"
EndProject
Project("{2150E333-8FDC-42A3-9474-1A3956D46DE8}") = "CourseCatalogService", "CourseCatalogService", "{10B9F033-AA26-4194-8724-C295DDD6344F}"
EndProject
Project("{FAE04EC0-301F-11D3-BF4B-00C04F79EFBC}") = "StudentPortal.CourseCatalogService.Domain", "StudentPortal.CourseCatalogService.Domain\StudentPortal.CourseCatalogService.Domain.csproj", "{DD411973-44CC-4730-8304-AA0B3BD2CA0D}"
EndProject
Project("{FAE04EC0-301F-11D3-BF4B-00C04F79EFBC}") = "StudentPortal.CourseCatalogService.DAL", "StudentPortal.CourseCatalogService.DAL\StudentPortal.CourseCatalogService.DAL.csproj", "{59F2D6BA-6101-4868-BD58-0379DFB25392}"
EndProject
Project("{FAE04EC0-301F-11D3-BF4B-00C04F79EFBC}") = "StudentPortal.CourseCatalogService.Apii", "StudentPortal.CourseCatalogService.Apii\StudentPortal.CourseCatalogService.Apii.csproj", "{00D0E3D7-78EF-43D6-8F3A-8C893B0D7D9C}"
EndProject
Project("{FAE04EC0-301F-11D3-BF4B-00C04F79EFBC}") = "StudentPortal.CourseCatalogService.BLL", "StudentPortal.CourseCatalogService.BLL\StudentPortal.CourseCatalogService.BLL.csproj", "{DBF3953E-AD34-446C-BED3-645826B7BDD7}"
EndProject
Global
	GlobalSection(SolutionConfigurationPlatforms) = preSolution
		Debug|Any CPU = Debug|Any CPU
		Release|Any CPU = Release|Any CPU
	EndGlobalSection
	GlobalSection(ProjectConfigurationPlatforms) = postSolution
		{C866DDE0-5228-4314-B5CE-1E32A7D5ECF5}.Debug|Any CPU.ActiveCfg = Debug|Any CPU
		{C866DDE0-5228-4314-B5CE-1E32A7D5ECF5}.Debug|Any CPU.Build.0 = Debug|Any CPU
		{C866DDE0-5228-4314-B5CE-1E32A7D5ECF5}.Release|Any CPU.ActiveCfg = Release|Any CPU
		{C866DDE0-5228-4314-B5CE-1E32A7D5ECF5}.Release|Any CPU.Build.0 = Release|Any CPU
		{33DF4191-7796-48AE-BCE9-C3F22EDF7C98}.Debug|Any CPU.ActiveCfg = Debug|Any CPU
		{33DF4191-7796-48AE-BCE9-C3F22EDF7C98}.Debug|Any CPU.Build.0 = Debug|Any CPU
		{33DF4191-7796-48AE-BCE9-C3F22EDF7C98}.Release|Any CPU.ActiveCfg = Release|Any CPU
		{33DF4191-7796-48AE-BCE9-C3F22EDF7C98}.Release|Any CPU.Build.0 = Release|Any CPU
		{E5E6EA16-67C8-42B3-BF9F-475C73659770}.Debug|Any CPU.ActiveCfg = Debug|Any CPU
		{E5E6EA16-67C8-42B3-BF9F-475C73659770}.Debug|Any CPU.Build.0 = Debug|Any CPU
		{E5E6EA16-67C8-42B3-BF9F-475C73659770}.Release|Any CPU.ActiveCfg = Release|Any CPU
		{E5E6EA16-67C8-42B3-BF9F-475C73659770}.Release|Any CPU.Build.0 = Release|Any CPU
		{DAAD7CC8-A143-499A-A6A0-8A8194DFDD80}.Debug|Any CPU.ActiveCfg = Debug|Any CPU
		{DAAD7CC8-A143-499A-A6A0-8A8194DFDD80}.Debug|Any CPU.Build.0 = Debug|Any CPU
		{DAAD7CC8-A143-499A-A6A0-8A8194DFDD80}.Release|Any CPU.ActiveCfg = Release|Any CPU
		{DAAD7CC8-A143-499A-A6A0-8A8194DFDD80}.Release|Any CPU.Build.0 = Release|Any CPU
		{ED58AFAF-5366-41BC-AE1C-AA75B90EA813}.Debug|Any CPU.ActiveCfg = Debug|Any CPU
		{ED58AFAF-5366-41BC-AE1C-AA75B90EA813}.Debug|Any CPU.Build.0 = Debug|Any CPU
		{ED58AFAF-5366-41BC-AE1C-AA75B90EA813}.Release|Any CPU.ActiveCfg = Release|Any CPU
		{ED58AFAF-5366-41BC-AE1C-AA75B90EA813}.Release|Any CPU.Build.0 = Release|Any CPU
		{DD411973-44CC-4730-8304-AA0B3BD2CA0D}.Debug|Any CPU.ActiveCfg = Debug|Any CPU
		{DD411973-44CC-4730-8304-AA0B3BD2CA0D}.Debug|Any CPU.Build.0 = Debug|Any CPU
		{DD411973-44CC-4730-8304-AA0B3BD2CA0D}.Release|Any CPU.ActiveCfg = Release|Any CPU
		{DD411973-44CC-4730-8304-AA0B3BD2CA0D}.Release|Any CPU.Build.0 = Release|Any CPU
		{59F2D6BA-6101-4868-BD58-0379DFB25392}.Debug|Any CPU.ActiveCfg = Debug|Any CPU
		{59F2D6BA-6101-4868-BD58-0379DFB25392}.Debug|Any CPU.Build.0 = Debug|Any CPU
		{59F2D6BA-6101-4868-BD58-0379DFB25392}.Release|Any CPU.ActiveCfg = Release|Any CPU
		{59F2D6BA-6101-4868-BD58-0379DFB25392}.Release|Any CPU.Build.0 = Release|Any CPU
		{00D0E3D7-78EF-43D6-8F3A-8C893B0D7D9C}.Debug|Any CPU.ActiveCfg = Debug|Any CPU
		{00D0E3D7-78EF-43D6-8F3A-8C893B0D7D9C}.Debug|Any CPU.Build.0 = Debug|Any CPU
		{00D0E3D7-78EF-43D6-8F3A-8C893B0D7D9C}.Release|Any CPU.ActiveCfg = Release|Any CPU
		{00D0E3D7-78EF-43D6-8F3A-8C893B0D7D9C}.Release|Any CPU.Build.0 = Release|Any CPU
		{DBF3953E-AD34-446C-BED3-645826B7BDD7}.Debug|Any CPU.ActiveCfg = Debug|Any CPU
		{DBF3953E-AD34-446C-BED3-645826B7BDD7}.Debug|Any CPU.Build.0 = Debug|Any CPU
		{DBF3953E-AD34-446C-BED3-645826B7BDD7}.Release|Any CPU.ActiveCfg = Release|Any CPU
		{DBF3953E-AD34-446C-BED3-645826B7BDD7}.Release|Any CPU.Build.0 = Release|Any CPU
	EndGlobalSection
	GlobalSection(NestedProjects) = preSolution
		{C866DDE0-5228-4314-B5CE-1E32A7D5ECF5} = {473B8887-911C-4A5E-BCBD-D98BA80981CA}
		{DAAD7CC8-A143-499A-A6A0-8A8194DFDD80} = {473B8887-911C-4A5E-BCBD-D98BA80981CA}
		{E5E6EA16-67C8-42B3-BF9F-475C73659770} = {473B8887-911C-4A5E-BCBD-D98BA80981CA}
		{33DF4191-7796-48AE-BCE9-C3F22EDF7C98} = {473B8887-911C-4A5E-BCBD-D98BA80981CA}
		{DD411973-44CC-4730-8304-AA0B3BD2CA0D} = {10B9F033-AA26-4194-8724-C295DDD6344F}
		{59F2D6BA-6101-4868-BD58-0379DFB25392} = {10B9F033-AA26-4194-8724-C295DDD6344F}
		{00D0E3D7-78EF-43D6-8F3A-8C893B0D7D9C} = {10B9F033-AA26-4194-8724-C295DDD6344F}
		{DBF3953E-AD34-446C-BED3-645826B7BDD7} = {10B9F033-AA26-4194-8724-C295DDD6344F}
	EndGlobalSection
EndGlobal
