
Microsoft Visual Studio Solution File, Format Version 12.00
Project("{FAE04EC0-301F-11D3-BF4B-00C04F79EFBC}") = "StudentPortal.Enrollment.Api", "StudentPortal.Enrollment.Api\StudentPortal.Enrollment.Api.csproj", "{C866DDE0-5228-4314-B5CE-1E32A7D5ECF5}"
EndProject
Project("{FAE04EC0-301F-11D3-BF4B-00C04F79EFBC}") = "StudentPortal.Enrollment.Domain", "StudentPortal.Enrollment.Domain\StudentPortal.Enrollment.Domain.csproj", "{33DF4191-7796-48AE-BCE9-C3F22EDF7C98}"
EndProject
Project("{FAE04EC0-301F-11D3-BF4B-00C04F79EFBC}") = "StudentPortal.Enrollment.DAL", "StudentPortal.Enrollment.DAL\StudentPortal.Enrollment.DAL.csproj", "{E5E6EA16-67C8-42B3-BF9F-475C73659770}"
EndProject
Project("{FAE04EC0-301F-11D3-BF4B-00C04F79EFBC}") = "StudentPortal.Enrollment.BLL", "StudentPortal.Enrollment.BLL\StudentPortal.Enrollment.BLL.csproj", "{DAAD7CC8-A143-499A-A6A0-8A8194DFDD80}"
EndProject
Project("{FAE04EC0-301F-11D3-BF4B-00C04F79EFBC}") = "StudentPortal.AppHost", "StudentPortal.AppHost\StudentPortal.AppHost.csproj", "{ED58AFAF-5366-41BC-AE1C-AA75B90EA813}"
EndProject
Project("{2150E333-8FDC-42A3-9474-1A3956D46DE8}") = "EnrollmentService", "EnrollmentService", "{473B8887-911C-4A5E-BCBD-D98BA80981CA}"
EndProject
Project("{2150E333-8FDC-42A3-9474-1A3956D46DE8}") = "CourseCatalogService", "CourseCatalogService", "{10B9F033-AA26-4194-8724-C295DDD6344F}"
EndProject
Project("{FAE04EC0-301F-11D3-BF4B-00C04F79EFBC}") = "StudentPortal.CourseCatalogService.Domain", "StudentPortal.CourseCatalogService.Domain\StudentPortal.CourseCatalogService.Domain.csproj", "{DD411973-44CC-4730-8304-AA0B3BD2CA0D}"
EndProject
Project("{FAE04EC0-301F-11D3-BF4B-00C04F79EFBC}") = "StudentPortal.CourseCatalogService.DAL", "StudentPortal.CourseCatalogService.DAL\StudentPortal.CourseCatalogService.DAL.csproj", "{59F2D6BA-6101-4868-BD58-0379DFB25392}"
EndProject
Project("{FAE04EC0-301F-11D3-BF4B-00C04F79EFBC}") = "StudentPortal.CourseCatalogService.Apii", "StudentPortal.CourseCatalogService.Apii\StudentPortal.CourseCatalogService.Apii.csproj", "{00D0E3D7-78EF-43D6-8F3A-8C893B0D7D9C}"
EndProject
Project("{FAE04EC0-301F-11D3-BF4B-00C04F79EFBC}") = "StudentPortal.CourseCatalogService.BLL", "StudentPortal.CourseCatalogService.BLL\StudentPortal.CourseCatalogService.BLL.csproj", "{DBF3953E-AD34-446C-BED3-645826B7BDD7}"
EndProject
Project("{2150E333-8FDC-42A3-9474-1A3956D46DE8}") = "DiscussionService", "DiscussionService", "{FCEB8D1A-5E31-47A8-B76B-B194374EC988}"
EndProject
Project("{FAE04EC0-301F-11D3-BF4B-00C04F79EFBC}") = "StudentPortal.DiscussionService.Api", "StudentPortal.DiscussionService.Api\StudentPortal.DiscussionService.Api.csproj", "{1EA32FC9-2992-40E3-850C-62F23B21AFA3}"
EndProject
Project("{FAE04EC0-301F-11D3-BF4B-00C04F79EFBC}") = "StudentPortal.DiscussionService.Domain", "StudentPortal.DiscussionService.Domain\StudentPortal.DiscussionService.Domain.csproj", "{4FF16922-1F32-4222-BD00-914FF0F5A72F}"
EndProject
Project("{FAE04EC0-301F-11D3-BF4B-00C04F79EFBC}") = "StudentPortal.DiscussionService.Infrastructure", "StudentPortal.DiscussionService.Infrastructure\StudentPortal.DiscussionService.Infrastructure.csproj", "{8F385E1C-D79A-4318-AA1F-E47563DF2BA7}"
EndProject
Project("{FAE04EC0-301F-11D3-BF4B-00C04F79EFBC}") = "StudentPortal.DiscussionService.Application", "DiscussionService\StudentPortal.DiscussionService.Application\StudentPortal.DiscussionService.Application.csproj", "{2D834FD4-40FC-4395-87AE-BD78D5265C31}"
EndProject
Project("{FAE04EC0-301F-11D3-BF4B-00C04F79EFBC}") = "StudenPortal.ServiceDefaults", "StudenPortal.ServiceDefaults\StudenPortal.ServiceDefaults.csproj", "{A4E03865-A597-4841-8D46-8BD20D99A967}"
EndProject
Project("{2150E333-8FDC-42A3-9474-1A3956D46DE8}") = "shared", "shared", "{E97CB7A3-4CDA-4BB0-BEA5-20C42A18CC71}"
EndProject
Project("{2150E333-8FDC-42A3-9474-1A3956D46DE8}") = "services", "services", "{12E2D835-84F3-49A9-B6DC-68BCF2847D5E}"
EndProject
Project("{FAE04EC0-301F-11D3-BF4B-00C04F79EFBC}") = "StudentPortal.AggregatorService", "StudentPortal.AggregatorService\StudentPortal.AggregatorService.csproj", "{0E1EE66A-B978-4B17-8A1E-8A6849E1AA63}"
EndProject
Project("{FAE04EC0-301F-11D3-BF4B-00C04F79EFBC}") = "StudentPortal.ApiGateway", "StudentPortal.ApiGateway\StudentPortal.ApiGateway.csproj", "{99BA3D39-8780-4A9D-819B-3B7C37F76C88}"
EndProject
Project("{FAE04EC0-301F-11D3-BF4B-00C04F79EFBC}") = "StudentPortal.CourseCatalogService.GrpcServer", "StudentPortal.CourseCatalogService.GrpcServer\StudentPortal.CourseCatalogService.GrpcServer.csproj", "{94BD7382-E02A-4A09-BDA5-71E29513A037}"
EndProject
Project("{FAE04EC0-301F-11D3-BF4B-00C04F79EFBC}") = "StudentPortal.DiscussionService.GrpcServer", "StudentPortal.DiscussionService.GrpcServer\StudentPortal.DiscussionService.GrpcServer.csproj", "{0EA7FB0E-ABBC-4312-8567-47AFFC2A65D8}"
EndProject
Project("{FAE04EC0-301F-11D3-BF4B-00C04F79EFBC}") = "StudentPortal.Enrollment.GrpcService", "StudentPortal.Enrollment.GrpcService\StudentPortal.Enrollment.GrpcService.csproj", "{83802BCD-3901-4B28-9A8A-709084AD88BB}"
EndProject
Project("{FAE04EC0-301F-11D3-BF4B-00C04F79EFBC}") = "StudentPortal.Contracts", "StudentPortal.Contracts\StudentPortal.Contracts.csproj", "{DEDC6A58-C084-4BE7-8BAB-7C51E2A70FC5}"
EndProject
Project("{FAE04EC0-301F-11D3-BF4B-00C04F79EFBC}") = "StudentPortal.Shared", "StudentPortal.Shared\StudentPortal.Shared.csproj", "{3DF2170F-BCFB-45B9-B082-A8EB44354890}"
EndProject
Project("{2150E333-8FDC-42A3-9474-1A3956D46DE8}") = "IdentityService", "IdentityService", "{1F7799C2-DE5D-4424-A9D7-6E777E4130B4}"
EndProject
Project("{FAE04EC0-301F-11D3-BF4B-00C04F79EFBC}") = "StudentPortal.IdentityService.Domain", "StudentPortal.IdentityService.Domain\StudentPortal.IdentityService.Domain.csproj", "{F79219F7-048B-4EF3-B157-CA4FC0DB0549}"
EndProject
Project("{FAE04EC0-301F-11D3-BF4B-00C04F79EFBC}") = "StudentPortal.IdentityService.DAL", "StudentPortal.IdentityService.DAL\StudentPortal.IdentityService.DAL.csproj", "{177A5E04-B159-43C5-ADC4-7F518A615DA9}"
EndProject
Project("{FAE04EC0-301F-11D3-BF4B-00C04F79EFBC}") = "StudentPortal.IdentityService.Api", "StudentPortal.IdentityService.Api\StudentPortal.IdentityService.Api.csproj", "{5E107499-72D1-4065-AABF-538709CD35E6}"
EndProject
Project("{FAE04EC0-301F-11D3-BF4B-00C04F79EFBC}") = "StudentPortal.IdentityService.BLL", "StudentPortal.IdentityService.BLL\StudentPortal.IdentityService.BLL.csproj", "{68FD7D41-6A58-4CEE-B581-BE9F9CB5F44A}"
EndProject
Global
	GlobalSection(SolutionConfigurationPlatforms) = preSolution
		Debug|Any CPU = Debug|Any CPU
		Release|Any CPU = Release|Any CPU
	EndGlobalSection
	GlobalSection(ProjectConfigurationPlatforms) = postSolution
		{C866DDE0-5228-4314-B5CE-1E32A7D5ECF5}.Debug|Any CPU.ActiveCfg = Debug|Any CPU
		{C866DDE0-5228-4314-B5CE-1E32A7D5ECF5}.Debug|Any CPU.Build.0 = Debug|Any CPU
		{C866DDE0-5228-4314-B5CE-1E32A7D5ECF5}.Release|Any CPU.ActiveCfg = Release|Any CPU
		{C866DDE0-5228-4314-B5CE-1E32A7D5ECF5}.Release|Any CPU.Build.0 = Release|Any CPU
		{33DF4191-7796-48AE-BCE9-C3F22EDF7C98}.Debug|Any CPU.ActiveCfg = Debug|Any CPU
		{33DF4191-7796-48AE-BCE9-C3F22EDF7C98}.Debug|Any CPU.Build.0 = Debug|Any CPU
		{33DF4191-7796-48AE-BCE9-C3F22EDF7C98}.Release|Any CPU.ActiveCfg = Release|Any CPU
		{33DF4191-7796-48AE-BCE9-C3F22EDF7C98}.Release|Any CPU.Build.0 = Release|Any CPU
		{E5E6EA16-67C8-42B3-BF9F-475C73659770}.Debug|Any CPU.ActiveCfg = Debug|Any CPU
		{E5E6EA16-67C8-42B3-BF9F-475C73659770}.Debug|Any CPU.Build.0 = Debug|Any CPU
		{E5E6EA16-67C8-42B3-BF9F-475C73659770}.Release|Any CPU.ActiveCfg = Release|Any CPU
		{E5E6EA16-67C8-42B3-BF9F-475C73659770}.Release|Any CPU.Build.0 = Release|Any CPU
		{DAAD7CC8-A143-499A-A6A0-8A8194DFDD80}.Debug|Any CPU.ActiveCfg = Debug|Any CPU
		{DAAD7CC8-A143-499A-A6A0-8A8194DFDD80}.Debug|Any CPU.Build.0 = Debug|Any CPU
		{DAAD7CC8-A143-499A-A6A0-8A8194DFDD80}.Release|Any CPU.ActiveCfg = Release|Any CPU
		{DAAD7CC8-A143-499A-A6A0-8A8194DFDD80}.Release|Any CPU.Build.0 = Release|Any CPU
		{ED58AFAF-5366-41BC-AE1C-AA75B90EA813}.Debug|Any CPU.ActiveCfg = Debug|Any CPU
		{ED58AFAF-5366-41BC-AE1C-AA75B90EA813}.Debug|Any CPU.Build.0 = Debug|Any CPU
		{ED58AFAF-5366-41BC-AE1C-AA75B90EA813}.Release|Any CPU.ActiveCfg = Release|Any CPU
		{ED58AFAF-5366-41BC-AE1C-AA75B90EA813}.Release|Any CPU.Build.0 = Release|Any CPU
		{DD411973-44CC-4730-8304-AA0B3BD2CA0D}.Debug|Any CPU.ActiveCfg = Debug|Any CPU
		{DD411973-44CC-4730-8304-AA0B3BD2CA0D}.Debug|Any CPU.Build.0 = Debug|Any CPU
		{DD411973-44CC-4730-8304-AA0B3BD2CA0D}.Release|Any CPU.ActiveCfg = Release|Any CPU
		{DD411973-44CC-4730-8304-AA0B3BD2CA0D}.Release|Any CPU.Build.0 = Release|Any CPU
		{59F2D6BA-6101-4868-BD58-0379DFB25392}.Debug|Any CPU.ActiveCfg = Debug|Any CPU
		{59F2D6BA-6101-4868-BD58-0379DFB25392}.Debug|Any CPU.Build.0 = Debug|Any CPU
		{59F2D6BA-6101-4868-BD58-0379DFB25392}.Release|Any CPU.ActiveCfg = Release|Any CPU
		{59F2D6BA-6101-4868-BD58-0379DFB25392}.Release|Any CPU.Build.0 = Release|Any CPU
		{00D0E3D7-78EF-43D6-8F3A-8C893B0D7D9C}.Debug|Any CPU.ActiveCfg = Debug|Any CPU
		{00D0E3D7-78EF-43D6-8F3A-8C893B0D7D9C}.Debug|Any CPU.Build.0 = Debug|Any CPU
		{00D0E3D7-78EF-43D6-8F3A-8C893B0D7D9C}.Release|Any CPU.ActiveCfg = Release|Any CPU
		{00D0E3D7-78EF-43D6-8F3A-8C893B0D7D9C}.Release|Any CPU.Build.0 = Release|Any CPU
		{DBF3953E-AD34-446C-BED3-645826B7BDD7}.Debug|Any CPU.ActiveCfg = Debug|Any CPU
		{DBF3953E-AD34-446C-BED3-645826B7BDD7}.Debug|Any CPU.Build.0 = Debug|Any CPU
		{DBF3953E-AD34-446C-BED3-645826B7BDD7}.Release|Any CPU.ActiveCfg = Release|Any CPU
		{DBF3953E-AD34-446C-BED3-645826B7BDD7}.Release|Any CPU.Build.0 = Release|Any CPU
		{1EA32FC9-2992-40E3-850C-62F23B21AFA3}.Debug|Any CPU.ActiveCfg = Debug|Any CPU
		{1EA32FC9-2992-40E3-850C-62F23B21AFA3}.Debug|Any CPU.Build.0 = Debug|Any CPU
		{1EA32FC9-2992-40E3-850C-62F23B21AFA3}.Release|Any CPU.ActiveCfg = Release|Any CPU
		{1EA32FC9-2992-40E3-850C-62F23B21AFA3}.Release|Any CPU.Build.0 = Release|Any CPU
		{4FF16922-1F32-4222-BD00-914FF0F5A72F}.Debug|Any CPU.ActiveCfg = Debug|Any CPU
		{4FF16922-1F32-4222-BD00-914FF0F5A72F}.Debug|Any CPU.Build.0 = Debug|Any CPU
		{4FF16922-1F32-4222-BD00-914FF0F5A72F}.Release|Any CPU.ActiveCfg = Release|Any CPU
		{4FF16922-1F32-4222-BD00-914FF0F5A72F}.Release|Any CPU.Build.0 = Release|Any CPU
		{8F385E1C-D79A-4318-AA1F-E47563DF2BA7}.Debug|Any CPU.ActiveCfg = Debug|Any CPU
		{8F385E1C-D79A-4318-AA1F-E47563DF2BA7}.Debug|Any CPU.Build.0 = Debug|Any CPU
		{8F385E1C-D79A-4318-AA1F-E47563DF2BA7}.Release|Any CPU.ActiveCfg = Release|Any CPU
		{8F385E1C-D79A-4318-AA1F-E47563DF2BA7}.Release|Any CPU.Build.0 = Release|Any CPU
		{2D834FD4-40FC-4395-87AE-BD78D5265C31}.Debug|Any CPU.ActiveCfg = Debug|Any CPU
		{2D834FD4-40FC-4395-87AE-BD78D5265C31}.Debug|Any CPU.Build.0 = Debug|Any CPU
		{2D834FD4-40FC-4395-87AE-BD78D5265C31}.Release|Any CPU.ActiveCfg = Release|Any CPU
		{2D834FD4-40FC-4395-87AE-BD78D5265C31}.Release|Any CPU.Build.0 = Release|Any CPU
		{A4E03865-A597-4841-8D46-8BD20D99A967}.Debug|Any CPU.ActiveCfg = Debug|Any CPU
		{A4E03865-A597-4841-8D46-8BD20D99A967}.Debug|Any CPU.Build.0 = Debug|Any CPU
		{A4E03865-A597-4841-8D46-8BD20D99A967}.Release|Any CPU.ActiveCfg = Release|Any CPU
		{A4E03865-A597-4841-8D46-8BD20D99A967}.Release|Any CPU.Build.0 = Release|Any CPU
		{0E1EE66A-B978-4B17-8A1E-8A6849E1AA63}.Debug|Any CPU.ActiveCfg = Debug|Any CPU
		{0E1EE66A-B978-4B17-8A1E-8A6849E1AA63}.Debug|Any CPU.Build.0 = Debug|Any CPU
		{0E1EE66A-B978-4B17-8A1E-8A6849E1AA63}.Release|Any CPU.ActiveCfg = Release|Any CPU
		{0E1EE66A-B978-4B17-8A1E-8A6849E1AA63}.Release|Any CPU.Build.0 = Release|Any CPU
		{99BA3D39-8780-4A9D-819B-3B7C37F76C88}.Debug|Any CPU.ActiveCfg = Debug|Any CPU
		{99BA3D39-8780-4A9D-819B-3B7C37F76C88}.Debug|Any CPU.Build.0 = Debug|Any CPU
		{99BA3D39-8780-4A9D-819B-3B7C37F76C88}.Release|Any CPU.ActiveCfg = Release|Any CPU
		{99BA3D39-8780-4A9D-819B-3B7C37F76C88}.Release|Any CPU.Build.0 = Release|Any CPU
		{94BD7382-E02A-4A09-BDA5-71E29513A037}.Debug|Any CPU.ActiveCfg = Debug|Any CPU
		{94BD7382-E02A-4A09-BDA5-71E29513A037}.Debug|Any CPU.Build.0 = Debug|Any CPU
		{94BD7382-E02A-4A09-BDA5-71E29513A037}.Release|Any CPU.ActiveCfg = Release|Any CPU
		{94BD7382-E02A-4A09-BDA5-71E29513A037}.Release|Any CPU.Build.0 = Release|Any CPU
		{0EA7FB0E-ABBC-4312-8567-47AFFC2A65D8}.Debug|Any CPU.ActiveCfg = Debug|Any CPU
		{0EA7FB0E-ABBC-4312-8567-47AFFC2A65D8}.Debug|Any CPU.Build.0 = Debug|Any CPU
		{0EA7FB0E-ABBC-4312-8567-47AFFC2A65D8}.Release|Any CPU.ActiveCfg = Release|Any CPU
		{0EA7FB0E-ABBC-4312-8567-47AFFC2A65D8}.Release|Any CPU.Build.0 = Release|Any CPU
		{83802BCD-3901-4B28-9A8A-709084AD88BB}.Debug|Any CPU.ActiveCfg = Debug|Any CPU
		{83802BCD-3901-4B28-9A8A-709084AD88BB}.Debug|Any CPU.Build.0 = Debug|Any CPU
		{83802BCD-3901-4B28-9A8A-709084AD88BB}.Release|Any CPU.ActiveCfg = Release|Any CPU
		{83802BCD-3901-4B28-9A8A-709084AD88BB}.Release|Any CPU.Build.0 = Release|Any CPU
		{DEDC6A58-C084-4BE7-8BAB-7C51E2A70FC5}.Debug|Any CPU.ActiveCfg = Debug|Any CPU
		{DEDC6A58-C084-4BE7-8BAB-7C51E2A70FC5}.Debug|Any CPU.Build.0 = Debug|Any CPU
		{DEDC6A58-C084-4BE7-8BAB-7C51E2A70FC5}.Release|Any CPU.ActiveCfg = Release|Any CPU
		{DEDC6A58-C084-4BE7-8BAB-7C51E2A70FC5}.Release|Any CPU.Build.0 = Release|Any CPU
		{3DF2170F-BCFB-45B9-B082-A8EB44354890}.Debug|Any CPU.ActiveCfg = Debug|Any CPU
		{3DF2170F-BCFB-45B9-B082-A8EB44354890}.Debug|Any CPU.Build.0 = Debug|Any CPU
		{3DF2170F-BCFB-45B9-B082-A8EB44354890}.Release|Any CPU.ActiveCfg = Release|Any CPU
		{3DF2170F-BCFB-45B9-B082-A8EB44354890}.Release|Any CPU.Build.0 = Release|Any CPU
		{F79219F7-048B-4EF3-B157-CA4FC0DB0549}.Debug|Any CPU.ActiveCfg = Debug|Any CPU
		{F79219F7-048B-4EF3-B157-CA4FC0DB0549}.Debug|Any CPU.Build.0 = Debug|Any CPU
		{F79219F7-048B-4EF3-B157-CA4FC0DB0549}.Release|Any CPU.ActiveCfg = Release|Any CPU
		{F79219F7-048B-4EF3-B157-CA4FC0DB0549}.Release|Any CPU.Build.0 = Release|Any CPU
		{177A5E04-B159-43C5-ADC4-7F518A615DA9}.Debug|Any CPU.ActiveCfg = Debug|Any CPU
		{177A5E04-B159-43C5-ADC4-7F518A615DA9}.Debug|Any CPU.Build.0 = Debug|Any CPU
		{177A5E04-B159-43C5-ADC4-7F518A615DA9}.Release|Any CPU.ActiveCfg = Release|Any CPU
		{177A5E04-B159-43C5-ADC4-7F518A615DA9}.Release|Any CPU.Build.0 = Release|Any CPU
		{5E107499-72D1-4065-AABF-538709CD35E6}.Debug|Any CPU.ActiveCfg = Debug|Any CPU
		{5E107499-72D1-4065-AABF-538709CD35E6}.Debug|Any CPU.Build.0 = Debug|Any CPU
		{5E107499-72D1-4065-AABF-538709CD35E6}.Release|Any CPU.ActiveCfg = Release|Any CPU
		{5E107499-72D1-4065-AABF-538709CD35E6}.Release|Any CPU.Build.0 = Release|Any CPU
		{68FD7D41-6A58-4CEE-B581-BE9F9CB5F44A}.Debug|Any CPU.ActiveCfg = Debug|Any CPU
		{68FD7D41-6A58-4CEE-B581-BE9F9CB5F44A}.Debug|Any CPU.Build.0 = Debug|Any CPU
		{68FD7D41-6A58-4CEE-B581-BE9F9CB5F44A}.Release|Any CPU.ActiveCfg = Release|Any CPU
		{68FD7D41-6A58-4CEE-B581-BE9F9CB5F44A}.Release|Any CPU.Build.0 = Release|Any CPU
	EndGlobalSection
	GlobalSection(NestedProjects) = preSolution
		{C866DDE0-5228-4314-B5CE-1E32A7D5ECF5} = {473B8887-911C-4A5E-BCBD-D98BA80981CA}
		{DAAD7CC8-A143-499A-A6A0-8A8194DFDD80} = {473B8887-911C-4A5E-BCBD-D98BA80981CA}
		{E5E6EA16-67C8-42B3-BF9F-475C73659770} = {473B8887-911C-4A5E-BCBD-D98BA80981CA}
		{33DF4191-7796-48AE-BCE9-C3F22EDF7C98} = {473B8887-911C-4A5E-BCBD-D98BA80981CA}
		{DD411973-44CC-4730-8304-AA0B3BD2CA0D} = {10B9F033-AA26-4194-8724-C295DDD6344F}
		{59F2D6BA-6101-4868-BD58-0379DFB25392} = {10B9F033-AA26-4194-8724-C295DDD6344F}
		{00D0E3D7-78EF-43D6-8F3A-8C893B0D7D9C} = {10B9F033-AA26-4194-8724-C295DDD6344F}
		{DBF3953E-AD34-446C-BED3-645826B7BDD7} = {10B9F033-AA26-4194-8724-C295DDD6344F}
		{2D834FD4-40FC-4395-87AE-BD78D5265C31} = {FCEB8D1A-5E31-47A8-B76B-B194374EC988}
		{1EA32FC9-2992-40E3-850C-62F23B21AFA3} = {FCEB8D1A-5E31-47A8-B76B-B194374EC988}
		{4FF16922-1F32-4222-BD00-914FF0F5A72F} = {FCEB8D1A-5E31-47A8-B76B-B194374EC988}
		{8F385E1C-D79A-4318-AA1F-E47563DF2BA7} = {FCEB8D1A-5E31-47A8-B76B-B194374EC988}
		{A4E03865-A597-4841-8D46-8BD20D99A967} = {E97CB7A3-4CDA-4BB0-BEA5-20C42A18CC71}
		{10B9F033-AA26-4194-8724-C295DDD6344F} = {12E2D835-84F3-49A9-B6DC-68BCF2847D5E}
		{FCEB8D1A-5E31-47A8-B76B-B194374EC988} = {12E2D835-84F3-49A9-B6DC-68BCF2847D5E}
		{473B8887-911C-4A5E-BCBD-D98BA80981CA} = {12E2D835-84F3-49A9-B6DC-68BCF2847D5E}
		{ED58AFAF-5366-41BC-AE1C-AA75B90EA813} = {12E2D835-84F3-49A9-B6DC-68BCF2847D5E}
		{0E1EE66A-B978-4B17-8A1E-8A6849E1AA63} = {12E2D835-84F3-49A9-B6DC-68BCF2847D5E}
		{99BA3D39-8780-4A9D-819B-3B7C37F76C88} = {12E2D835-84F3-49A9-B6DC-68BCF2847D5E}
		{94BD7382-E02A-4A09-BDA5-71E29513A037} = {10B9F033-AA26-4194-8724-C295DDD6344F}
		{0EA7FB0E-ABBC-4312-8567-47AFFC2A65D8} = {FCEB8D1A-5E31-47A8-B76B-B194374EC988}
		{83802BCD-3901-4B28-9A8A-709084AD88BB} = {473B8887-911C-4A5E-BCBD-D98BA80981CA}
		{DEDC6A58-C084-4BE7-8BAB-7C51E2A70FC5} = {E97CB7A3-4CDA-4BB0-BEA5-20C42A18CC71}
		{3DF2170F-BCFB-45B9-B082-A8EB44354890} = {E97CB7A3-4CDA-4BB0-BEA5-20C42A18CC71}
		{1F7799C2-DE5D-4424-A9D7-6E777E4130B4} = {12E2D835-84F3-49A9-B6DC-68BCF2847D5E}
		{F79219F7-048B-4EF3-B157-CA4FC0DB0549} = {1F7799C2-DE5D-4424-A9D7-6E777E4130B4}
		{177A5E04-B159-43C5-ADC4-7F518A615DA9} = {1F7799C2-DE5D-4424-A9D7-6E777E4130B4}
		{5E107499-72D1-4065-AABF-538709CD35E6} = {1F7799C2-DE5D-4424-A9D7-6E777E4130B4}
		{68FD7D41-6A58-4CEE-B581-BE9F9CB5F44A} = {1F7799C2-DE5D-4424-A9D7-6E777E4130B4}
	EndGlobalSection
EndGlobal
